
Microsoft Visual Studio Solution File, Format Version 12.00
# Visual Studio 14
VisualStudioVersion = 14.0.25420.1
MinimumVisualStudioVersion = 10.0.40219.1
Project("{FAE04EC0-301F-11D3-BF4B-00C04F79EFBC}") = "Weixin.Next", "Weixin.Next\Weixin.Next.csproj", "{69D1CDAE-E738-46AD-8C50-112360DD79F6}"
EndProject
Project("{FAE04EC0-301F-11D3-BF4B-00C04F79EFBC}") = "Weixin.Next.Json.Net", "Weixin.Next.Json.Net\Weixin.Next.Json.Net.csproj", "{869A179D-7F3C-4249-9ADA-197290E963E9}"
EndProject
Project("{FAE04EC0-301F-11D3-BF4B-00C04F79EFBC}") = "Weixin.Next.Sample", "Weixin.Next.Sample\Weixin.Next.Sample.csproj", "{721BE0E3-8FB2-4317-82DF-7B8D5A26197C}"
EndProject
Project("{FAE04EC0-301F-11D3-BF4B-00C04F79EFBC}") = "DownloadDoc", "DownloadDoc\DownloadDoc.csproj", "{9E92EB85-6836-4D61-A8EE-8B6B0F78D5F5}"
EndProject
Global
	GlobalSection(SolutionConfigurationPlatforms) = preSolution
		Debug|Any CPU = Debug|Any CPU
		Release|Any CPU = Release|Any CPU
	EndGlobalSection
	GlobalSection(ProjectConfigurationPlatforms) = postSolution
		{69D1CDAE-E738-46AD-8C50-112360DD79F6}.Debug|Any CPU.ActiveCfg = Debug|Any CPU
		{69D1CDAE-E738-46AD-8C50-112360DD79F6}.Debug|Any CPU.Build.0 = Debug|Any CPU
		{69D1CDAE-E738-46AD-8C50-112360DD79F6}.Release|Any CPU.ActiveCfg = Release|Any CPU
		{69D1CDAE-E738-46AD-8C50-112360DD79F6}.Release|Any CPU.Build.0 = Release|Any CPU
		{869A179D-7F3C-4249-9ADA-197290E963E9}.Debug|Any CPU.ActiveCfg = Debug|Any CPU
		{869A179D-7F3C-4249-9ADA-197290E963E9}.Debug|Any CPU.Build.0 = Debug|Any CPU
		{869A179D-7F3C-4249-9ADA-197290E963E9}.Release|Any CPU.ActiveCfg = Release|Any CPU
		{869A179D-7F3C-4249-9ADA-197290E963E9}.Release|Any CPU.Build.0 = Release|Any CPU
		{721BE0E3-8FB2-4317-82DF-7B8D5A26197C}.Debug|Any CPU.ActiveCfg = Debug|Any CPU
		{721BE0E3-8FB2-4317-82DF-7B8D5A26197C}.Debug|Any CPU.Build.0 = Debug|Any CPU
		{721BE0E3-8FB2-4317-82DF-7B8D5A26197C}.Release|Any CPU.ActiveCfg = Release|Any CPU
		{721BE0E3-8FB2-4317-82DF-7B8D5A26197C}.Release|Any CPU.Build.0 = Release|Any CPU
		{9E92EB85-6836-4D61-A8EE-8B6B0F78D5F5}.Debug|Any CPU.ActiveCfg = Debug|Any CPU
		{9E92EB85-6836-4D61-A8EE-8B6B0F78D5F5}.Debug|Any CPU.Build.0 = Debug|Any CPU
		{9E92EB85-6836-4D61-A8EE-8B6B0F78D5F5}.Release|Any CPU.ActiveCfg = Release|Any CPU
		{9E92EB85-6836-4D61-A8EE-8B6B0F78D5F5}.Release|Any CPU.Build.0 = Release|Any CPU
	EndGlobalSection
	GlobalSection(SolutionProperties) = preSolution
		HideSolutionNode = FALSE
	EndGlobalSection
EndGlobal
